
Microsoft Visual Studio Solution File, Format Version 12.00
# Visual Studio Version 16
VisualStudioVersion = 16.0.30413.136
MinimumVisualStudioVersion = 10.0.40219.1
Project("{FAE04EC0-301F-11D3-BF4B-00C04F79EFBC}") = "prueba", "prueba\prueba.csproj", "{B523C67C-BDAA-46C0-BCC6-3F9E8C17E642}"
EndProject
Global
	GlobalSection(SolutionConfigurationPlatforms) = preSolution
		Debug|Any CPU = Debug|Any CPU
		Release|Any CPU = Release|Any CPU
	EndGlobalSection
	GlobalSection(ProjectConfigurationPlatforms) = postSolution
		{B523C67C-BDAA-46C0-BCC6-3F9E8C17E642}.Debug|Any CPU.ActiveCfg = Debug|Any CPU
		{B523C67C-BDAA-46C0-BCC6-3F9E8C17E642}.Debug|Any CPU.Build.0 = Debug|Any CPU
		{B523C67C-BDAA-46C0-BCC6-3F9E8C17E642}.Release|Any CPU.ActiveCfg = Release|Any CPU
		{B523C67C-BDAA-46C0-BCC6-3F9E8C17E642}.Release|Any CPU.Build.0 = Release|Any CPU
	EndGlobalSection
	GlobalSection(SolutionProperties) = preSolution
		HideSolutionNode = FALSE
	EndGlobalSection
	GlobalSection(ExtensibilityGlobals) = postSolution
		SolutionGuid = {B5FDC45F-30DF-4B55-8C8D-8C79A3983235}
	EndGlobalSection
EndGlobal
